// !$*UTF8*$!
{
	archiveVersion = 1;
	classes = {
	};
	objectVersion = 55;
	objects = {

/* Begin PBXBuildFile section */
		3D2B57623AEA583BD40850C2 /* Pods_NewsApp.framework in Frameworks */ = {isa = PBXBuildFile; fileRef = 9FABB43B66CDA40961ECAF06 /* Pods_NewsApp.framework */; };
		9C4C986B1B88942BF365FE5B /* Pods_NewsApp_NewsAppUITests.framework in Frameworks */ = {isa = PBXBuildFile; fileRef = 874B3FB12AC11B068DB9283E /* Pods_NewsApp_NewsAppUITests.framework */; };
		C372572628D6C482001D3CDE /* AppDelegate.swift in Sources */ = {isa = PBXBuildFile; fileRef = C372572528D6C482001D3CDE /* AppDelegate.swift */; };
		C372572828D6C482001D3CDE /* SceneDelegate.swift in Sources */ = {isa = PBXBuildFile; fileRef = C372572728D6C482001D3CDE /* SceneDelegate.swift */; };
		C372572A28D6C482001D3CDE /* NewsViewController.swift in Sources */ = {isa = PBXBuildFile; fileRef = C372572928D6C482001D3CDE /* NewsViewController.swift */; };
		C372572D28D6C482001D3CDE /* Main.storyboard in Resources */ = {isa = PBXBuildFile; fileRef = C372572B28D6C482001D3CDE /* Main.storyboard */; };
		C372572F28D6C485001D3CDE /* Assets.xcassets in Resources */ = {isa = PBXBuildFile; fileRef = C372572E28D6C485001D3CDE /* Assets.xcassets */; };
		C372573228D6C485001D3CDE /* LaunchScreen.storyboard in Resources */ = {isa = PBXBuildFile; fileRef = C372573028D6C485001D3CDE /* LaunchScreen.storyboard */; };
		C372573D28D6C485001D3CDE /* NewsAppTests.swift in Sources */ = {isa = PBXBuildFile; fileRef = C372573C28D6C485001D3CDE /* NewsAppTests.swift */; };
		C372574728D6C485001D3CDE /* NewsAppUITests.swift in Sources */ = {isa = PBXBuildFile; fileRef = C372574628D6C485001D3CDE /* NewsAppUITests.swift */; };
		C372574928D6C485001D3CDE /* NewsAppUITestsLaunchTests.swift in Sources */ = {isa = PBXBuildFile; fileRef = C372574828D6C485001D3CDE /* NewsAppUITestsLaunchTests.swift */; };
		C372575C28D6C82F001D3CDE /* Coordinator.swift in Sources */ = {isa = PBXBuildFile; fileRef = C372575B28D6C82F001D3CDE /* Coordinator.swift */; };
		C372575E28D6C84D001D3CDE /* MainCoordinator.swift in Sources */ = {isa = PBXBuildFile; fileRef = C372575D28D6C84D001D3CDE /* MainCoordinator.swift */; };
		C372576128D6C93C001D3CDE /* Storyboarded.swift in Sources */ = {isa = PBXBuildFile; fileRef = C372576028D6C93C001D3CDE /* Storyboarded.swift */; };
		C372576428D6CA06001D3CDE /* NewsapiResponse.swift in Sources */ = {isa = PBXBuildFile; fileRef = C372576328D6CA06001D3CDE /* NewsapiResponse.swift */; };
		C372576628D6CA3B001D3CDE /* NewsDataResponse.swift in Sources */ = {isa = PBXBuildFile; fileRef = C372576528D6CA3B001D3CDE /* NewsDataResponse.swift */; };
		C372576928D6CA61001D3CDE /* NewsProvider.swift in Sources */ = {isa = PBXBuildFile; fileRef = C372576828D6CA61001D3CDE /* NewsProvider.swift */; };
		C372576B28D6CA75001D3CDE /* NewsAPIEndPoints.swift in Sources */ = {isa = PBXBuildFile; fileRef = C372576A28D6CA75001D3CDE /* NewsAPIEndPoints.swift */; };
		C372576D28D6CA8B001D3CDE /* NewsdataEndPoint.swift in Sources */ = {isa = PBXBuildFile; fileRef = C372576C28D6CA8B001D3CDE /* NewsdataEndPoint.swift */; };
		C372577028D6CABF001D3CDE /* EndPoint.swift in Sources */ = {isa = PBXBuildFile; fileRef = C372576F28D6CABF001D3CDE /* EndPoint.swift */; };
		C372577228D6CAD4001D3CDE /* Network.swift in Sources */ = {isa = PBXBuildFile; fileRef = C372577128D6CAD4001D3CDE /* Network.swift */; };
		C372577428D6CAE6001D3CDE /* ApiResult.swift in Sources */ = {isa = PBXBuildFile; fileRef = C372577328D6CAE6001D3CDE /* ApiResult.swift */; };
		C372577628D6CAFC001D3CDE /* AlamofireExtension.swift in Sources */ = {isa = PBXBuildFile; fileRef = C372577528D6CAFC001D3CDE /* AlamofireExtension.swift */; };
		C372577828D6CB11001D3CDE /* ApiErrorMessage.swift in Sources */ = {isa = PBXBuildFile; fileRef = C372577728D6CB11001D3CDE /* ApiErrorMessage.swift */; };
		C372577B28D6CB44001D3CDE /* News.swift in Sources */ = {isa = PBXBuildFile; fileRef = C372577A28D6CB44001D3CDE /* News.swift */; };
		C372577E28D6CBB5001D3CDE /* NewsViewModel.swift in Sources */ = {isa = PBXBuildFile; fileRef = C372577D28D6CBB5001D3CDE /* NewsViewModel.swift */; };
		C372578028D6CBDD001D3CDE /* NewsCellTableViewCell.swift in Sources */ = {isa = PBXBuildFile; fileRef = C372577F28D6CBDD001D3CDE /* NewsCellTableViewCell.swift */; };
		C372578228D6CBF5001D3CDE /* NewsCellViewModel.swift in Sources */ = {isa = PBXBuildFile; fileRef = C372578128D6CBF5001D3CDE /* NewsCellViewModel.swift */; };
		F09F87A2072309315825E511 /* Pods_NewsAppTests.framework in Frameworks */ = {isa = PBXBuildFile; fileRef = 3E7785E783040766362C1EF5 /* Pods_NewsAppTests.framework */; };
/* End PBXBuildFile section */

/* Begin PBXContainerItemProxy section */
		C372573928D6C485001D3CDE /* PBXContainerItemProxy */ = {
			isa = PBXContainerItemProxy;
			containerPortal = C372571A28D6C482001D3CDE /* Project object */;
			proxyType = 1;
			remoteGlobalIDString = C372572128D6C482001D3CDE;
			remoteInfo = NewsApp;
		};
		C372574328D6C485001D3CDE /* PBXContainerItemProxy */ = {
			isa = PBXContainerItemProxy;
			containerPortal = C372571A28D6C482001D3CDE /* Project object */;
			proxyType = 1;
			remoteGlobalIDString = C372572128D6C482001D3CDE;
			remoteInfo = NewsApp;
		};
/* End PBXContainerItemProxy section */

/* Begin PBXFileReference section */
		3E7785E783040766362C1EF5 /* Pods_NewsAppTests.framework */ = {isa = PBXFileReference; explicitFileType = wrapper.framework; includeInIndex = 0; path = Pods_NewsAppTests.framework; sourceTree = BUILT_PRODUCTS_DIR; };
		817A82B7E839AC4DE1E362B2 /* Pods-NewsApp.debug.xcconfig */ = {isa = PBXFileReference; includeInIndex = 1; lastKnownFileType = text.xcconfig; name = "Pods-NewsApp.debug.xcconfig"; path = "Target Support Files/Pods-NewsApp/Pods-NewsApp.debug.xcconfig"; sourceTree = "<group>"; };
		874B3FB12AC11B068DB9283E /* Pods_NewsApp_NewsAppUITests.framework */ = {isa = PBXFileReference; explicitFileType = wrapper.framework; includeInIndex = 0; path = Pods_NewsApp_NewsAppUITests.framework; sourceTree = BUILT_PRODUCTS_DIR; };
		97CA4315B124C1854036839A /* Pods-NewsAppTests.debug.xcconfig */ = {isa = PBXFileReference; includeInIndex = 1; lastKnownFileType = text.xcconfig; name = "Pods-NewsAppTests.debug.xcconfig"; path = "Target Support Files/Pods-NewsAppTests/Pods-NewsAppTests.debug.xcconfig"; sourceTree = "<group>"; };
		9FABB43B66CDA40961ECAF06 /* Pods_NewsApp.framework */ = {isa = PBXFileReference; explicitFileType = wrapper.framework; includeInIndex = 0; path = Pods_NewsApp.framework; sourceTree = BUILT_PRODUCTS_DIR; };
		AD173354D889219F0A59D3D6 /* Pods-NewsApp-NewsAppUITests.release.xcconfig */ = {isa = PBXFileReference; includeInIndex = 1; lastKnownFileType = text.xcconfig; name = "Pods-NewsApp-NewsAppUITests.release.xcconfig"; path = "Target Support Files/Pods-NewsApp-NewsAppUITests/Pods-NewsApp-NewsAppUITests.release.xcconfig"; sourceTree = "<group>"; };
		C372572228D6C482001D3CDE /* NewsApp.app */ = {isa = PBXFileReference; explicitFileType = wrapper.application; includeInIndex = 0; path = NewsApp.app; sourceTree = BUILT_PRODUCTS_DIR; };
		C372572528D6C482001D3CDE /* AppDelegate.swift */ = {isa = PBXFileReference; lastKnownFileType = sourcecode.swift; path = AppDelegate.swift; sourceTree = "<group>"; };
		C372572728D6C482001D3CDE /* SceneDelegate.swift */ = {isa = PBXFileReference; lastKnownFileType = sourcecode.swift; path = SceneDelegate.swift; sourceTree = "<group>"; };
		C372572928D6C482001D3CDE /* NewsViewController.swift */ = {isa = PBXFileReference; lastKnownFileType = sourcecode.swift; path = NewsViewController.swift; sourceTree = "<group>"; };
		C372572C28D6C482001D3CDE /* Base */ = {isa = PBXFileReference; lastKnownFileType = file.storyboard; name = Base; path = Base.lproj/Main.storyboard; sourceTree = "<group>"; };
		C372572E28D6C485001D3CDE /* Assets.xcassets */ = {isa = PBXFileReference; lastKnownFileType = folder.assetcatalog; path = Assets.xcassets; sourceTree = "<group>"; };
		C372573128D6C485001D3CDE /* Base */ = {isa = PBXFileReference; lastKnownFileType = file.storyboard; name = Base; path = Base.lproj/LaunchScreen.storyboard; sourceTree = "<group>"; };
		C372573328D6C485001D3CDE /* Info.plist */ = {isa = PBXFileReference; lastKnownFileType = text.plist.xml; path = Info.plist; sourceTree = "<group>"; };
		C372573828D6C485001D3CDE /* NewsAppTests.xctest */ = {isa = PBXFileReference; explicitFileType = wrapper.cfbundle; includeInIndex = 0; path = NewsAppTests.xctest; sourceTree = BUILT_PRODUCTS_DIR; };
		C372573C28D6C485001D3CDE /* NewsAppTests.swift */ = {isa = PBXFileReference; lastKnownFileType = sourcecode.swift; path = NewsAppTests.swift; sourceTree = "<group>"; };
		C372574228D6C485001D3CDE /* NewsAppUITests.xctest */ = {isa = PBXFileReference; explicitFileType = wrapper.cfbundle; includeInIndex = 0; path = NewsAppUITests.xctest; sourceTree = BUILT_PRODUCTS_DIR; };
		C372574628D6C485001D3CDE /* NewsAppUITests.swift */ = {isa = PBXFileReference; lastKnownFileType = sourcecode.swift; path = NewsAppUITests.swift; sourceTree = "<group>"; };
		C372574828D6C485001D3CDE /* NewsAppUITestsLaunchTests.swift */ = {isa = PBXFileReference; lastKnownFileType = sourcecode.swift; path = NewsAppUITestsLaunchTests.swift; sourceTree = "<group>"; };
		C372575B28D6C82F001D3CDE /* Coordinator.swift */ = {isa = PBXFileReference; lastKnownFileType = sourcecode.swift; path = Coordinator.swift; sourceTree = "<group>"; };
		C372575D28D6C84D001D3CDE /* MainCoordinator.swift */ = {isa = PBXFileReference; lastKnownFileType = sourcecode.swift; path = MainCoordinator.swift; sourceTree = "<group>"; };
		C372576028D6C93C001D3CDE /* Storyboarded.swift */ = {isa = PBXFileReference; lastKnownFileType = sourcecode.swift; path = Storyboarded.swift; sourceTree = "<group>"; };
		C372576328D6CA06001D3CDE /* NewsapiResponse.swift */ = {isa = PBXFileReference; lastKnownFileType = sourcecode.swift; path = NewsapiResponse.swift; sourceTree = "<group>"; };
		C372576528D6CA3B001D3CDE /* NewsDataResponse.swift */ = {isa = PBXFileReference; lastKnownFileType = sourcecode.swift; path = NewsDataResponse.swift; sourceTree = "<group>"; };
		C372576828D6CA61001D3CDE /* NewsProvider.swift */ = {isa = PBXFileReference; lastKnownFileType = sourcecode.swift; path = NewsProvider.swift; sourceTree = "<group>"; };
		C372576A28D6CA75001D3CDE /* NewsAPIEndPoints.swift */ = {isa = PBXFileReference; lastKnownFileType = sourcecode.swift; path = NewsAPIEndPoints.swift; sourceTree = "<group>"; };
		C372576C28D6CA8B001D3CDE /* NewsdataEndPoint.swift */ = {isa = PBXFileReference; lastKnownFileType = sourcecode.swift; path = NewsdataEndPoint.swift; sourceTree = "<group>"; };
		C372576F28D6CABF001D3CDE /* EndPoint.swift */ = {isa = PBXFileReference; lastKnownFileType = sourcecode.swift; path = EndPoint.swift; sourceTree = "<group>"; };
		C372577128D6CAD4001D3CDE /* Network.swift */ = {isa = PBXFileReference; lastKnownFileType = sourcecode.swift; path = Network.swift; sourceTree = "<group>"; };
		C372577328D6CAE6001D3CDE /* ApiResult.swift */ = {isa = PBXFileReference; lastKnownFileType = sourcecode.swift; path = ApiResult.swift; sourceTree = "<group>"; };
		C372577528D6CAFC001D3CDE /* AlamofireExtension.swift */ = {isa = PBXFileReference; lastKnownFileType = sourcecode.swift; path = AlamofireExtension.swift; sourceTree = "<group>"; };
		C372577728D6CB11001D3CDE /* ApiErrorMessage.swift */ = {isa = PBXFileReference; lastKnownFileType = sourcecode.swift; path = ApiErrorMessage.swift; sourceTree = "<group>"; };
		C372577A28D6CB44001D3CDE /* News.swift */ = {isa = PBXFileReference; lastKnownFileType = sourcecode.swift; path = News.swift; sourceTree = "<group>"; };
		C372577D28D6CBB5001D3CDE /* NewsViewModel.swift */ = {isa = PBXFileReference; lastKnownFileType = sourcecode.swift; path = NewsViewModel.swift; sourceTree = "<group>"; };
		C372577F28D6CBDD001D3CDE /* NewsCellTableViewCell.swift */ = {isa = PBXFileReference; lastKnownFileType = sourcecode.swift; path = NewsCellTableViewCell.swift; sourceTree = "<group>"; };
		C372578128D6CBF5001D3CDE /* NewsCellViewModel.swift */ = {isa = PBXFileReference; lastKnownFileType = sourcecode.swift; path = NewsCellViewModel.swift; sourceTree = "<group>"; };
		CB1EEFFA9E4BA8128515B235 /* Pods-NewsApp-NewsAppUITests.debug.xcconfig */ = {isa = PBXFileReference; includeInIndex = 1; lastKnownFileType = text.xcconfig; name = "Pods-NewsApp-NewsAppUITests.debug.xcconfig"; path = "Target Support Files/Pods-NewsApp-NewsAppUITests/Pods-NewsApp-NewsAppUITests.debug.xcconfig"; sourceTree = "<group>"; };
		D60B3E8CDCDBDC1C298332BB /* Pods-NewsAppTests.release.xcconfig */ = {isa = PBXFileReference; includeInIndex = 1; lastKnownFileType = text.xcconfig; name = "Pods-NewsAppTests.release.xcconfig"; path = "Target Support Files/Pods-NewsAppTests/Pods-NewsAppTests.release.xcconfig"; sourceTree = "<group>"; };
		FAE54745D61475484286C6EA /* Pods-NewsApp.release.xcconfig */ = {isa = PBXFileReference; includeInIndex = 1; lastKnownFileType = text.xcconfig; name = "Pods-NewsApp.release.xcconfig"; path = "Target Support Files/Pods-NewsApp/Pods-NewsApp.release.xcconfig"; sourceTree = "<group>"; };
/* End PBXFileReference section */

/* Begin PBXFrameworksBuildPhase section */
		C372571F28D6C482001D3CDE /* Frameworks */ = {
			isa = PBXFrameworksBuildPhase;
			buildActionMask = 2147483647;
			files = (
				3D2B57623AEA583BD40850C2 /* Pods_NewsApp.framework in Frameworks */,
			);
			runOnlyForDeploymentPostprocessing = 0;
		};
		C372573528D6C485001D3CDE /* Frameworks */ = {
			isa = PBXFrameworksBuildPhase;
			buildActionMask = 2147483647;
			files = (
				F09F87A2072309315825E511 /* Pods_NewsAppTests.framework in Frameworks */,
			);
			runOnlyForDeploymentPostprocessing = 0;
		};
		C372573F28D6C485001D3CDE /* Frameworks */ = {
			isa = PBXFrameworksBuildPhase;
			buildActionMask = 2147483647;
			files = (
				9C4C986B1B88942BF365FE5B /* Pods_NewsApp_NewsAppUITests.framework in Frameworks */,
			);
			runOnlyForDeploymentPostprocessing = 0;
		};
/* End PBXFrameworksBuildPhase section */

/* Begin PBXGroup section */
		6A1074DF3FE57D3936189687 /* Frameworks */ = {
			isa = PBXGroup;
			children = (
				9FABB43B66CDA40961ECAF06 /* Pods_NewsApp.framework */,
				874B3FB12AC11B068DB9283E /* Pods_NewsApp_NewsAppUITests.framework */,
				3E7785E783040766362C1EF5 /* Pods_NewsAppTests.framework */,
			);
			name = Frameworks;
			sourceTree = "<group>";
		};
		C372571928D6C482001D3CDE = {
			isa = PBXGroup;
			children = (
				C372572428D6C482001D3CDE /* NewsApp */,
				C372573B28D6C485001D3CDE /* NewsAppTests */,
				C372574528D6C485001D3CDE /* NewsAppUITests */,
				C372572328D6C482001D3CDE /* Products */,
				E5316D0B560D350204636A11 /* Pods */,
				6A1074DF3FE57D3936189687 /* Frameworks */,
			);
			sourceTree = "<group>";
		};
		C372572328D6C482001D3CDE /* Products */ = {
			isa = PBXGroup;
			children = (
				C372572228D6C482001D3CDE /* NewsApp.app */,
				C372573828D6C485001D3CDE /* NewsAppTests.xctest */,
				C372574228D6C485001D3CDE /* NewsAppUITests.xctest */,
			);
			name = Products;
			sourceTree = "<group>";
		};
		C372572428D6C482001D3CDE /* NewsApp */ = {
			isa = PBXGroup;
			children = (
				C372575F28D6C931001D3CDE /* Utility */,
				C372575528D6C69F001D3CDE /* App */,
				C372575628D6C6B3001D3CDE /* Presentation */,
				C372575928D6C726001D3CDE /* Domain */,
				C372575A28D6C736001D3CDE /* Data */,
				C372573328D6C485001D3CDE /* Info.plist */,
			);
			path = NewsApp;
			sourceTree = "<group>";
		};
		C372573B28D6C485001D3CDE /* NewsAppTests */ = {
			isa = PBXGroup;
			children = (
				C372573C28D6C485001D3CDE /* NewsAppTests.swift */,
			);
			path = NewsAppTests;
			sourceTree = "<group>";
		};
		C372574528D6C485001D3CDE /* NewsAppUITests */ = {
			isa = PBXGroup;
			children = (
				C372574628D6C485001D3CDE /* NewsAppUITests.swift */,
				C372574828D6C485001D3CDE /* NewsAppUITestsLaunchTests.swift */,
			);
			path = NewsAppUITests;
			sourceTree = "<group>";
		};
		C372575528D6C69F001D3CDE /* App */ = {
			isa = PBXGroup;
			children = (
				C372572528D6C482001D3CDE /* AppDelegate.swift */,
				C372572728D6C482001D3CDE /* SceneDelegate.swift */,
			);
			path = App;
			sourceTree = "<group>";
		};
		C372575628D6C6B3001D3CDE /* Presentation */ = {
			isa = PBXGroup;
			children = (
				C372575828D6C70D001D3CDE /* Coordinators */,
				C372575728D6C6C6001D3CDE /* Scenes */,
				C372572B28D6C482001D3CDE /* Main.storyboard */,
				C372572E28D6C485001D3CDE /* Assets.xcassets */,
				C372573028D6C485001D3CDE /* LaunchScreen.storyboard */,
			);
			path = Presentation;
			sourceTree = "<group>";
		};
		C372575728D6C6C6001D3CDE /* Scenes */ = {
			isa = PBXGroup;
			children = (
				C372577C28D6CB88001D3CDE /* News Scene */,
			);
			path = Scenes;
			sourceTree = "<group>";
		};
		C372575828D6C70D001D3CDE /* Coordinators */ = {
			isa = PBXGroup;
			children = (
				C372575B28D6C82F001D3CDE /* Coordinator.swift */,
				C372575D28D6C84D001D3CDE /* MainCoordinator.swift */,
			);
			path = Coordinators;
			sourceTree = "<group>";
		};
		C372575928D6C726001D3CDE /* Domain */ = {
			isa = PBXGroup;
			children = (
				C372577928D6CB33001D3CDE /* entities */,
			);
			path = Domain;
			sourceTree = "<group>";
		};
		C372575A28D6C736001D3CDE /* Data */ = {
			isa = PBXGroup;
			children = (
				C372576228D6C9E7001D3CDE /* DTO */,
				C372576728D6CA4E001D3CDE /* EndPoints */,
				C372576E28D6CA9C001D3CDE /* Network */,
			);
			path = Data;
			sourceTree = "<group>";
		};
		C372575F28D6C931001D3CDE /* Utility */ = {
			isa = PBXGroup;
			children = (
				C372576028D6C93C001D3CDE /* Storyboarded.swift */,
			);
			path = Utility;
			sourceTree = "<group>";
		};
		C372576228D6C9E7001D3CDE /* DTO */ = {
			isa = PBXGroup;
			children = (
				C372576328D6CA06001D3CDE /* NewsapiResponse.swift */,
				C372576528D6CA3B001D3CDE /* NewsDataResponse.swift */,
			);
			path = DTO;
			sourceTree = "<group>";
		};
		C372576728D6CA4E001D3CDE /* EndPoints */ = {
			isa = PBXGroup;
			children = (
				C372576828D6CA61001D3CDE /* NewsProvider.swift */,
				C372576A28D6CA75001D3CDE /* NewsAPIEndPoints.swift */,
				C372576C28D6CA8B001D3CDE /* NewsdataEndPoint.swift */,
			);
			path = EndPoints;
			sourceTree = "<group>";
		};
		C372576E28D6CA9C001D3CDE /* Network */ = {
			isa = PBXGroup;
			children = (
				C372576F28D6CABF001D3CDE /* EndPoint.swift */,
				C372577128D6CAD4001D3CDE /* Network.swift */,
				C372577328D6CAE6001D3CDE /* ApiResult.swift */,
				C372577528D6CAFC001D3CDE /* AlamofireExtension.swift */,
				C372577728D6CB11001D3CDE /* ApiErrorMessage.swift */,
			);
			path = Network;
			sourceTree = "<group>";
		};
		C372577928D6CB33001D3CDE /* entities */ = {
			isa = PBXGroup;
			children = (
				C372577A28D6CB44001D3CDE /* News.swift */,
			);
			path = entities;
			sourceTree = "<group>";
		};
		C372577C28D6CB88001D3CDE /* News Scene */ = {
			isa = PBXGroup;
			children = (
				C372572928D6C482001D3CDE /* NewsViewController.swift */,
				C372577D28D6CBB5001D3CDE /* NewsViewModel.swift */,
				C372577F28D6CBDD001D3CDE /* NewsCellTableViewCell.swift */,
				C372578128D6CBF5001D3CDE /* NewsCellViewModel.swift */,
			);
			path = "News Scene";
			sourceTree = "<group>";
		};
		E5316D0B560D350204636A11 /* Pods */ = {
			isa = PBXGroup;
			children = (
				817A82B7E839AC4DE1E362B2 /* Pods-NewsApp.debug.xcconfig */,
				FAE54745D61475484286C6EA /* Pods-NewsApp.release.xcconfig */,
				CB1EEFFA9E4BA8128515B235 /* Pods-NewsApp-NewsAppUITests.debug.xcconfig */,
				AD173354D889219F0A59D3D6 /* Pods-NewsApp-NewsAppUITests.release.xcconfig */,
				97CA4315B124C1854036839A /* Pods-NewsAppTests.debug.xcconfig */,
				D60B3E8CDCDBDC1C298332BB /* Pods-NewsAppTests.release.xcconfig */,
			);
			path = Pods;
			sourceTree = "<group>";
		};
/* End PBXGroup section */

/* Begin PBXNativeTarget section */
		C372572128D6C482001D3CDE /* NewsApp */ = {
			isa = PBXNativeTarget;
			buildConfigurationList = C372574C28D6C485001D3CDE /* Build configuration list for PBXNativeTarget "NewsApp" */;
			buildPhases = (
				CE7DAD1EE0ABC157F35FBCD0 /* [CP] Check Pods Manifest.lock */,
				C372571E28D6C482001D3CDE /* Sources */,
				C372571F28D6C482001D3CDE /* Frameworks */,
				C372572028D6C482001D3CDE /* Resources */,
				7B45E551DC78100E3A04C956 /* [CP] Embed Pods Frameworks */,
			);
			buildRules = (
			);
			dependencies = (
			);
			name = NewsApp;
			productName = NewsApp;
			productReference = C372572228D6C482001D3CDE /* NewsApp.app */;
			productType = "com.apple.product-type.application";
		};
		C372573728D6C485001D3CDE /* NewsAppTests */ = {
			isa = PBXNativeTarget;
			buildConfigurationList = C372574F28D6C485001D3CDE /* Build configuration list for PBXNativeTarget "NewsAppTests" */;
			buildPhases = (
				0EA07D1D660E42F4D9E462A5 /* [CP] Check Pods Manifest.lock */,
				C372573428D6C485001D3CDE /* Sources */,
				C372573528D6C485001D3CDE /* Frameworks */,
				C372573628D6C485001D3CDE /* Resources */,
			);
			buildRules = (
			);
			dependencies = (
				C372573A28D6C485001D3CDE /* PBXTargetDependency */,
			);
			name = NewsAppTests;
			productName = NewsAppTests;
			productReference = C372573828D6C485001D3CDE /* NewsAppTests.xctest */;
			productType = "com.apple.product-type.bundle.unit-test";
		};
		C372574128D6C485001D3CDE /* NewsAppUITests */ = {
			isa = PBXNativeTarget;
			buildConfigurationList = C372575228D6C485001D3CDE /* Build configuration list for PBXNativeTarget "NewsAppUITests" */;
			buildPhases = (
				B85D9DAD2927C001B50254C9 /* [CP] Check Pods Manifest.lock */,
				C372573E28D6C485001D3CDE /* Sources */,
				C372573F28D6C485001D3CDE /* Frameworks */,
				C372574028D6C485001D3CDE /* Resources */,
				3B0754F67F987FA1979793BA /* [CP] Embed Pods Frameworks */,
			);
			buildRules = (
			);
			dependencies = (
				C372574428D6C485001D3CDE /* PBXTargetDependency */,
			);
			name = NewsAppUITests;
			productName = NewsAppUITests;
			productReference = C372574228D6C485001D3CDE /* NewsAppUITests.xctest */;
			productType = "com.apple.product-type.bundle.ui-testing";
		};
/* End PBXNativeTarget section */

/* Begin PBXProject section */
		C372571A28D6C482001D3CDE /* Project object */ = {
			isa = PBXProject;
			attributes = {
				BuildIndependentTargetsInParallel = 1;
				LastSwiftUpdateCheck = 1340;
				LastUpgradeCheck = 1340;
				TargetAttributes = {
					C372572128D6C482001D3CDE = {
						CreatedOnToolsVersion = 13.4.1;
					};
					C372573728D6C485001D3CDE = {
						CreatedOnToolsVersion = 13.4.1;
						TestTargetID = C372572128D6C482001D3CDE;
					};
					C372574128D6C485001D3CDE = {
						CreatedOnToolsVersion = 13.4.1;
						TestTargetID = C372572128D6C482001D3CDE;
					};
				};
			};
			buildConfigurationList = C372571D28D6C482001D3CDE /* Build configuration list for PBXProject "NewsApp" */;
			compatibilityVersion = "Xcode 13.0";
			developmentRegion = en;
			hasScannedForEncodings = 0;
			knownRegions = (
				en,
				Base,
			);
			mainGroup = C372571928D6C482001D3CDE;
			productRefGroup = C372572328D6C482001D3CDE /* Products */;
			projectDirPath = "";
			projectRoot = "";
			targets = (
				C372572128D6C482001D3CDE /* NewsApp */,
				C372573728D6C485001D3CDE /* NewsAppTests */,
				C372574128D6C485001D3CDE /* NewsAppUITests */,
			);
		};
/* End PBXProject section */

/* Begin PBXResourcesBuildPhase section */
		C372572028D6C482001D3CDE /* Resources */ = {
			isa = PBXResourcesBuildPhase;
			buildActionMask = 2147483647;
			files = (
				C372573228D6C485001D3CDE /* LaunchScreen.storyboard in Resources */,
				C372572F28D6C485001D3CDE /* Assets.xcassets in Resources */,
				C372572D28D6C482001D3CDE /* Main.storyboard in Resources */,
			);
			runOnlyForDeploymentPostprocessing = 0;
		};
		C372573628D6C485001D3CDE /* Resources */ = {
			isa = PBXResourcesBuildPhase;
			buildActionMask = 2147483647;
			files = (
			);
			runOnlyForDeploymentPostprocessing = 0;
		};
		C372574028D6C485001D3CDE /* Resources */ = {
			isa = PBXResourcesBuildPhase;
			buildActionMask = 2147483647;
			files = (
			);
			runOnlyForDeploymentPostprocessing = 0;
		};
/* End PBXResourcesBuildPhase section */

/* Begin PBXShellScriptBuildPhase section */
		0EA07D1D660E42F4D9E462A5 /* [CP] Check Pods Manifest.lock */ = {
			isa = PBXShellScriptBuildPhase;
			buildActionMask = 2147483647;
			files = (
			);
			inputFileListPaths = (
			);
			inputPaths = (
				"${PODS_PODFILE_DIR_PATH}/Podfile.lock",
				"${PODS_ROOT}/Manifest.lock",
			);
			name = "[CP] Check Pods Manifest.lock";
			outputFileListPaths = (
			);
			outputPaths = (
				"$(DERIVED_FILE_DIR)/Pods-NewsAppTests-checkManifestLockResult.txt",
			);
			runOnlyForDeploymentPostprocessing = 0;
			shellPath = /bin/sh;
			shellScript = "diff \"${PODS_PODFILE_DIR_PATH}/Podfile.lock\" \"${PODS_ROOT}/Manifest.lock\" > /dev/null\nif [ $? != 0 ] ; then\n    # print error to STDERR\n    echo \"error: The sandbox is not in sync with the Podfile.lock. Run 'pod install' or update your CocoaPods installation.\" >&2\n    exit 1\nfi\n# This output is used by Xcode 'outputs' to avoid re-running this script phase.\necho \"SUCCESS\" > \"${SCRIPT_OUTPUT_FILE_0}\"\n";
			showEnvVarsInLog = 0;
		};
		3B0754F67F987FA1979793BA /* [CP] Embed Pods Frameworks */ = {
			isa = PBXShellScriptBuildPhase;
			buildActionMask = 2147483647;
			files = (
			);
			inputFileListPaths = (
				"${PODS_ROOT}/Target Support Files/Pods-NewsApp-NewsAppUITests/Pods-NewsApp-NewsAppUITests-frameworks-${CONFIGURATION}-input-files.xcfilelist",
			);
			name = "[CP] Embed Pods Frameworks";
			outputFileListPaths = (
				"${PODS_ROOT}/Target Support Files/Pods-NewsApp-NewsAppUITests/Pods-NewsApp-NewsAppUITests-frameworks-${CONFIGURATION}-output-files.xcfilelist",
			);
			runOnlyForDeploymentPostprocessing = 0;
			shellPath = /bin/sh;
			shellScript = "\"${PODS_ROOT}/Target Support Files/Pods-NewsApp-NewsAppUITests/Pods-NewsApp-NewsAppUITests-frameworks.sh\"\n";
			showEnvVarsInLog = 0;
		};
		7B45E551DC78100E3A04C956 /* [CP] Embed Pods Frameworks */ = {
			isa = PBXShellScriptBuildPhase;
			buildActionMask = 2147483647;
			files = (
			);
			inputFileListPaths = (
				"${PODS_ROOT}/Target Support Files/Pods-NewsApp/Pods-NewsApp-frameworks-${CONFIGURATION}-input-files.xcfilelist",
			);
			name = "[CP] Embed Pods Frameworks";
			outputFileListPaths = (
				"${PODS_ROOT}/Target Support Files/Pods-NewsApp/Pods-NewsApp-frameworks-${CONFIGURATION}-output-files.xcfilelist",
			);
			runOnlyForDeploymentPostprocessing = 0;
			shellPath = /bin/sh;
			shellScript = "\"${PODS_ROOT}/Target Support Files/Pods-NewsApp/Pods-NewsApp-frameworks.sh\"\n";
			showEnvVarsInLog = 0;
		};
		B85D9DAD2927C001B50254C9 /* [CP] Check Pods Manifest.lock */ = {
			isa = PBXShellScriptBuildPhase;
			buildActionMask = 2147483647;
			files = (
			);
			inputFileListPaths = (
			);
			inputPaths = (
				"${PODS_PODFILE_DIR_PATH}/Podfile.lock",
				"${PODS_ROOT}/Manifest.lock",
			);
			name = "[CP] Check Pods Manifest.lock";
			outputFileListPaths = (
			);
			outputPaths = (
				"$(DERIVED_FILE_DIR)/Pods-NewsApp-NewsAppUITests-checkManifestLockResult.txt",
			);
			runOnlyForDeploymentPostprocessing = 0;
			shellPath = /bin/sh;
			shellScript = "diff \"${PODS_PODFILE_DIR_PATH}/Podfile.lock\" \"${PODS_ROOT}/Manifest.lock\" > /dev/null\nif [ $? != 0 ] ; then\n    # print error to STDERR\n    echo \"error: The sandbox is not in sync with the Podfile.lock. Run 'pod install' or update your CocoaPods installation.\" >&2\n    exit 1\nfi\n# This output is used by Xcode 'outputs' to avoid re-running this script phase.\necho \"SUCCESS\" > \"${SCRIPT_OUTPUT_FILE_0}\"\n";
			showEnvVarsInLog = 0;
		};
		CE7DAD1EE0ABC157F35FBCD0 /* [CP] Check Pods Manifest.lock */ = {
			isa = PBXShellScriptBuildPhase;
			buildActionMask = 2147483647;
			files = (
			);
			inputFileListPaths = (
			);
			inputPaths = (
				"${PODS_PODFILE_DIR_PATH}/Podfile.lock",
				"${PODS_ROOT}/Manifest.lock",
			);
			name = "[CP] Check Pods Manifest.lock";
			outputFileListPaths = (
			);
			outputPaths = (
				"$(DERIVED_FILE_DIR)/Pods-NewsApp-checkManifestLockResult.txt",
			);
			runOnlyForDeploymentPostprocessing = 0;
			shellPath = /bin/sh;
			shellScript = "diff \"${PODS_PODFILE_DIR_PATH}/Podfile.lock\" \"${PODS_ROOT}/Manifest.lock\" > /dev/null\nif [ $? != 0 ] ; then\n    # print error to STDERR\n    echo \"error: The sandbox is not in sync with the Podfile.lock. Run 'pod install' or update your CocoaPods installation.\" >&2\n    exit 1\nfi\n# This output is used by Xcode 'outputs' to avoid re-running this script phase.\necho \"SUCCESS\" > \"${SCRIPT_OUTPUT_FILE_0}\"\n";
			showEnvVarsInLog = 0;
		};
/* End PBXShellScriptBuildPhase section */

/* Begin PBXSourcesBuildPhase section */
		C372571E28D6C482001D3CDE /* Sources */ = {
			isa = PBXSourcesBuildPhase;
			buildActionMask = 2147483647;
			files = (
				C372577228D6CAD4001D3CDE /* Network.swift in Sources */,
				C372577E28D6CBB5001D3CDE /* NewsViewModel.swift in Sources */,
				C372577628D6CAFC001D3CDE /* AlamofireExtension.swift in Sources */,
				C372578028D6CBDD001D3CDE /* NewsCellTableViewCell.swift in Sources */,
				C372576428D6CA06001D3CDE /* NewsapiResponse.swift in Sources */,
				C372575C28D6C82F001D3CDE /* Coordinator.swift in Sources */,
				C372572A28D6C482001D3CDE /* NewsViewController.swift in Sources */,
				C372572628D6C482001D3CDE /* AppDelegate.swift in Sources */,
				C372575E28D6C84D001D3CDE /* MainCoordinator.swift in Sources */,
				C372572828D6C482001D3CDE /* SceneDelegate.swift in Sources */,
				C372577028D6CABF001D3CDE /* EndPoint.swift in Sources */,
				C372577828D6CB11001D3CDE /* ApiErrorMessage.swift in Sources */,
				C372576B28D6CA75001D3CDE /* NewsAPIEndPoints.swift in Sources */,
				C372576D28D6CA8B001D3CDE /* NewsdataEndPoint.swift in Sources */,
				C372576128D6C93C001D3CDE /* Storyboarded.swift in Sources */,
				C372577428D6CAE6001D3CDE /* ApiResult.swift in Sources */,
				C372576928D6CA61001D3CDE /* NewsProvider.swift in Sources */,
				C372577B28D6CB44001D3CDE /* News.swift in Sources */,
				C372576628D6CA3B001D3CDE /* NewsDataResponse.swift in Sources */,
				C372578228D6CBF5001D3CDE /* NewsCellViewModel.swift in Sources */,
			);
			runOnlyForDeploymentPostprocessing = 0;
		};
		C372573428D6C485001D3CDE /* Sources */ = {
			isa = PBXSourcesBuildPhase;
			buildActionMask = 2147483647;
			files = (
				C372573D28D6C485001D3CDE /* NewsAppTests.swift in Sources */,
			);
			runOnlyForDeploymentPostprocessing = 0;
		};
		C372573E28D6C485001D3CDE /* Sources */ = {
			isa = PBXSourcesBuildPhase;
			buildActionMask = 2147483647;
			files = (
				C372574728D6C485001D3CDE /* NewsAppUITests.swift in Sources */,
				C372574928D6C485001D3CDE /* NewsAppUITestsLaunchTests.swift in Sources */,
			);
			runOnlyForDeploymentPostprocessing = 0;
		};
/* End PBXSourcesBuildPhase section */

/* Begin PBXTargetDependency section */
		C372573A28D6C485001D3CDE /* PBXTargetDependency */ = {
			isa = PBXTargetDependency;
			target = C372572128D6C482001D3CDE /* NewsApp */;
			targetProxy = C372573928D6C485001D3CDE /* PBXContainerItemProxy */;
		};
		C372574428D6C485001D3CDE /* PBXTargetDependency */ = {
			isa = PBXTargetDependency;
			target = C372572128D6C482001D3CDE /* NewsApp */;
			targetProxy = C372574328D6C485001D3CDE /* PBXContainerItemProxy */;
		};
/* End PBXTargetDependency section */

/* Begin PBXVariantGroup section */
		C372572B28D6C482001D3CDE /* Main.storyboard */ = {
			isa = PBXVariantGroup;
			children = (
				C372572C28D6C482001D3CDE /* Base */,
			);
			name = Main.storyboard;
			sourceTree = "<group>";
		};
		C372573028D6C485001D3CDE /* LaunchScreen.storyboard */ = {
			isa = PBXVariantGroup;
			children = (
				C372573128D6C485001D3CDE /* Base */,
			);
			name = LaunchScreen.storyboard;
			sourceTree = "<group>";
		};
/* End PBXVariantGroup section */

/* Begin XCBuildConfiguration section */
		C372574A28D6C485001D3CDE /* Debug */ = {
			isa = XCBuildConfiguration;
			buildSettings = {
				ALWAYS_SEARCH_USER_PATHS = NO;
				CLANG_ANALYZER_NONNULL = YES;
				CLANG_ANALYZER_NUMBER_OBJECT_CONVERSION = YES_AGGRESSIVE;
				CLANG_CXX_LANGUAGE_STANDARD = "gnu++17";
				CLANG_ENABLE_MODULES = YES;
				CLANG_ENABLE_OBJC_ARC = YES;
				CLANG_ENABLE_OBJC_WEAK = YES;
				CLANG_WARN_BLOCK_CAPTURE_AUTORELEASING = YES;
				CLANG_WARN_BOOL_CONVERSION = YES;
				CLANG_WARN_COMMA = YES;
				CLANG_WARN_CONSTANT_CONVERSION = YES;
				CLANG_WARN_DEPRECATED_OBJC_IMPLEMENTATIONS = YES;
				CLANG_WARN_DIRECT_OBJC_ISA_USAGE = YES_ERROR;
				CLANG_WARN_DOCUMENTATION_COMMENTS = YES;
				CLANG_WARN_EMPTY_BODY = YES;
				CLANG_WARN_ENUM_CONVERSION = YES;
				CLANG_WARN_INFINITE_RECURSION = YES;
				CLANG_WARN_INT_CONVERSION = YES;
				CLANG_WARN_NON_LITERAL_NULL_CONVERSION = YES;
				CLANG_WARN_OBJC_IMPLICIT_RETAIN_SELF = YES;
				CLANG_WARN_OBJC_LITERAL_CONVERSION = YES;
				CLANG_WARN_OBJC_ROOT_CLASS = YES_ERROR;
				CLANG_WARN_QUOTED_INCLUDE_IN_FRAMEWORK_HEADER = YES;
				CLANG_WARN_RANGE_LOOP_ANALYSIS = YES;
				CLANG_WARN_STRICT_PROTOTYPES = YES;
				CLANG_WARN_SUSPICIOUS_MOVE = YES;
				CLANG_WARN_UNGUARDED_AVAILABILITY = YES_AGGRESSIVE;
				CLANG_WARN_UNREACHABLE_CODE = YES;
				CLANG_WARN__DUPLICATE_METHOD_MATCH = YES;
				COPY_PHASE_STRIP = NO;
				DEBUG_INFORMATION_FORMAT = dwarf;
				ENABLE_STRICT_OBJC_MSGSEND = YES;
				ENABLE_TESTABILITY = YES;
				GCC_C_LANGUAGE_STANDARD = gnu11;
				GCC_DYNAMIC_NO_PIC = NO;
				GCC_NO_COMMON_BLOCKS = YES;
				GCC_OPTIMIZATION_LEVEL = 0;
				GCC_PREPROCESSOR_DEFINITIONS = (
					"DEBUG=1",
					"$(inherited)",
				);
				GCC_WARN_64_TO_32_BIT_CONVERSION = YES;
				GCC_WARN_ABOUT_RETURN_TYPE = YES_ERROR;
				GCC_WARN_UNDECLARED_SELECTOR = YES;
				GCC_WARN_UNINITIALIZED_AUTOS = YES_AGGRESSIVE;
				GCC_WARN_UNUSED_FUNCTION = YES;
				GCC_WARN_UNUSED_VARIABLE = YES;
				IPHONEOS_DEPLOYMENT_TARGET = 15.5;
				MTL_ENABLE_DEBUG_INFO = INCLUDE_SOURCE;
				MTL_FAST_MATH = YES;
				ONLY_ACTIVE_ARCH = YES;
				SDKROOT = iphoneos;
				SWIFT_ACTIVE_COMPILATION_CONDITIONS = DEBUG;
				SWIFT_OPTIMIZATION_LEVEL = "-Onone";
			};
			name = Debug;
		};
		C372574B28D6C485001D3CDE /* Release */ = {
			isa = XCBuildConfiguration;
			buildSettings = {
				ALWAYS_SEARCH_USER_PATHS = NO;
				CLANG_ANALYZER_NONNULL = YES;
				CLANG_ANALYZER_NUMBER_OBJECT_CONVERSION = YES_AGGRESSIVE;
				CLANG_CXX_LANGUAGE_STANDARD = "gnu++17";
				CLANG_ENABLE_MODULES = YES;
				CLANG_ENABLE_OBJC_ARC = YES;
				CLANG_ENABLE_OBJC_WEAK = YES;
				CLANG_WARN_BLOCK_CAPTURE_AUTORELEASING = YES;
				CLANG_WARN_BOOL_CONVERSION = YES;
				CLANG_WARN_COMMA = YES;
				CLANG_WARN_CONSTANT_CONVERSION = YES;
				CLANG_WARN_DEPRECATED_OBJC_IMPLEMENTATIONS = YES;
				CLANG_WARN_DIRECT_OBJC_ISA_USAGE = YES_ERROR;
				CLANG_WARN_DOCUMENTATION_COMMENTS = YES;
				CLANG_WARN_EMPTY_BODY = YES;
				CLANG_WARN_ENUM_CONVERSION = YES;
				CLANG_WARN_INFINITE_RECURSION = YES;
				CLANG_WARN_INT_CONVERSION = YES;
				CLANG_WARN_NON_LITERAL_NULL_CONVERSION = YES;
				CLANG_WARN_OBJC_IMPLICIT_RETAIN_SELF = YES;
				CLANG_WARN_OBJC_LITERAL_CONVERSION = YES;
				CLANG_WARN_OBJC_ROOT_CLASS = YES_ERROR;
				CLANG_WARN_QUOTED_INCLUDE_IN_FRAMEWORK_HEADER = YES;
				CLANG_WARN_RANGE_LOOP_ANALYSIS = YES;
				CLANG_WARN_STRICT_PROTOTYPES = YES;
				CLANG_WARN_SUSPICIOUS_MOVE = YES;
				CLANG_WARN_UNGUARDED_AVAILABILITY = YES_AGGRESSIVE;
				CLANG_WARN_UNREACHABLE_CODE = YES;
				CLANG_WARN__DUPLICATE_METHOD_MATCH = YES;
				COPY_PHASE_STRIP = NO;
				DEBUG_INFORMATION_FORMAT = "dwarf-with-dsym";
				ENABLE_NS_ASSERTIONS = NO;
				ENABLE_STRICT_OBJC_MSGSEND = YES;
				GCC_C_LANGUAGE_STANDARD = gnu11;
				GCC_NO_COMMON_BLOCKS = YES;
				GCC_WARN_64_TO_32_BIT_CONVERSION = YES;
				GCC_WARN_ABOUT_RETURN_TYPE = YES_ERROR;
				GCC_WARN_UNDECLARED_SELECTOR = YES;
				GCC_WARN_UNINITIALIZED_AUTOS = YES_AGGRESSIVE;
				GCC_WARN_UNUSED_FUNCTION = YES;
				GCC_WARN_UNUSED_VARIABLE = YES;
				IPHONEOS_DEPLOYMENT_TARGET = 15.5;
				MTL_ENABLE_DEBUG_INFO = NO;
				MTL_FAST_MATH = YES;
				SDKROOT = iphoneos;
				SWIFT_COMPILATION_MODE = wholemodule;
				SWIFT_OPTIMIZATION_LEVEL = "-O";
				VALIDATE_PRODUCT = YES;
			};
			name = Release;
		};
		C372574D28D6C485001D3CDE /* Debug */ = {
			isa = XCBuildConfiguration;
			baseConfigurationReference = 817A82B7E839AC4DE1E362B2 /* Pods-NewsApp.debug.xcconfig */;
			buildSettings = {
				ASSETCATALOG_COMPILER_APPICON_NAME = AppIcon;
				ASSETCATALOG_COMPILER_GLOBAL_ACCENT_COLOR_NAME = AccentColor;
				CODE_SIGN_STYLE = Automatic;
				CURRENT_PROJECT_VERSION = 1;
				GENERATE_INFOPLIST_FILE = YES;
				INFOPLIST_FILE = NewsApp/Info.plist;
				INFOPLIST_KEY_UIApplicationSupportsIndirectInputEvents = YES;
				INFOPLIST_KEY_UILaunchStoryboardName = LaunchScreen;
				INFOPLIST_KEY_UIMainStoryboardFile = Main;
				INFOPLIST_KEY_UISupportedInterfaceOrientations_iPad = "UIInterfaceOrientationPortrait UIInterfaceOrientationPortraitUpsideDown UIInterfaceOrientationLandscapeLeft UIInterfaceOrientationLandscapeRight";
				INFOPLIST_KEY_UISupportedInterfaceOrientations_iPhone = "UIInterfaceOrientationPortrait UIInterfaceOrientationLandscapeLeft UIInterfaceOrientationLandscapeRight";
				LD_RUNPATH_SEARCH_PATHS = (
					"$(inherited)",
					"@executable_path/Frameworks",
				);
				MARKETING_VERSION = 1.0;
				PRODUCT_BUNDLE_IDENTIFIER = com.barari.NewsApp;
				PRODUCT_NAME = "$(TARGET_NAME)";
				SWIFT_EMIT_LOC_STRINGS = YES;
				SWIFT_VERSION = 5.0;
				TARGETED_DEVICE_FAMILY = "1,2";
			};
			name = Debug;
		};
		C372574E28D6C485001D3CDE /* Release */ = {
			isa = XCBuildConfiguration;
			baseConfigurationReference = FAE54745D61475484286C6EA /* Pods-NewsApp.release.xcconfig */;
			buildSettings = {
				ASSETCATALOG_COMPILER_APPICON_NAME = AppIcon;
				ASSETCATALOG_COMPILER_GLOBAL_ACCENT_COLOR_NAME = AccentColor;
				CODE_SIGN_STYLE = Automatic;
				CURRENT_PROJECT_VERSION = 1;
				GENERATE_INFOPLIST_FILE = YES;
				INFOPLIST_FILE = NewsApp/Info.plist;
				INFOPLIST_KEY_UIApplicationSupportsIndirectInputEvents = YES;
				INFOPLIST_KEY_UILaunchStoryboardName = LaunchScreen;
				INFOPLIST_KEY_UIMainStoryboardFile = Main;
				INFOPLIST_KEY_UISupportedInterfaceOrientations_iPad = "UIInterfaceOrientationPortrait UIInterfaceOrientationPortraitUpsideDown UIInterfaceOrientationLandscapeLeft UIInterfaceOrientationLandscapeRight";
				INFOPLIST_KEY_UISupportedInterfaceOrientations_iPhone = "UIInterfaceOrientationPortrait UIInterfaceOrientationLandscapeLeft UIInterfaceOrientationLandscapeRight";
				LD_RUNPATH_SEARCH_PATHS = (
					"$(inherited)",
					"@executable_path/Frameworks",
				);
				MARKETING_VERSION = 1.0;
				PRODUCT_BUNDLE_IDENTIFIER = com.barari.NewsApp;
				PRODUCT_NAME = "$(TARGET_NAME)";
				SWIFT_EMIT_LOC_STRINGS = YES;
				SWIFT_VERSION = 5.0;
				TARGETED_DEVICE_FAMILY = "1,2";
			};
			name = Release;
		};
		C372575028D6C485001D3CDE /* Debug */ = {
			isa = XCBuildConfiguration;
			baseConfigurationReference = 97CA4315B124C1854036839A /* Pods-NewsAppTests.debug.xcconfig */;
			buildSettings = {
				ALWAYS_EMBED_SWIFT_STANDARD_LIBRARIES = YES;
				BUNDLE_LOADER = "$(TEST_HOST)";
				CODE_SIGN_STYLE = Automatic;
				CURRENT_PROJECT_VERSION = 1;
				GENERATE_INFOPLIST_FILE = YES;
				IPHONEOS_DEPLOYMENT_TARGET = 15.5;
				MARKETING_VERSION = 1.0;
				PRODUCT_BUNDLE_IDENTIFIER = com.barari.NewsAppTests;
				PRODUCT_NAME = "$(TARGET_NAME)";
				SWIFT_EMIT_LOC_STRINGS = NO;
				SWIFT_VERSION = 5.0;
				TARGETED_DEVICE_FAMILY = "1,2";
				TEST_HOST = "$(BUILT_PRODUCTS_DIR)/NewsApp.app/NewsApp";
			};
			name = Debug;
		};
		C372575128D6C485001D3CDE /* Release */ = {
			isa = XCBuildConfiguration;
			baseConfigurationReference = D60B3E8CDCDBDC1C298332BB /* Pods-NewsAppTests.release.xcconfig */;
			buildSettings = {
				ALWAYS_EMBED_SWIFT_STANDARD_LIBRARIES = YES;
				BUNDLE_LOADER = "$(TEST_HOST)";
				CODE_SIGN_STYLE = Automatic;
				CURRENT_PROJECT_VERSION = 1;
				GENERATE_INFOPLIST_FILE = YES;
				IPHONEOS_DEPLOYMENT_TARGET = 15.5;
				MARKETING_VERSION = 1.0;
				PRODUCT_BUNDLE_IDENTIFIER = com.barari.NewsAppTests;
				PRODUCT_NAME = "$(TARGET_NAME)";
				SWIFT_EMIT_LOC_STRINGS = NO;
				SWIFT_VERSION = 5.0;
				TARGETED_DEVICE_FAMILY = "1,2";
				TEST_HOST = "$(BUILT_PRODUCTS_DIR)/NewsApp.app/NewsApp";
			};
			name = Release;
		};
		C372575328D6C485001D3CDE /* Debug */ = {
			isa = XCBuildConfiguration;
			baseConfigurationReference = CB1EEFFA9E4BA8128515B235 /* Pods-NewsApp-NewsAppUITests.debug.xcconfig */;
			buildSettings = {
				ALWAYS_EMBED_SWIFT_STANDARD_LIBRARIES = YES;
				CODE_SIGN_STYLE = Automatic;
				CURRENT_PROJECT_VERSION = 1;
				GENERATE_INFOPLIST_FILE = YES;
				MARKETING_VERSION = 1.0;
				PRODUCT_BUNDLE_IDENTIFIER = com.barari.NewsAppUITests;
				PRODUCT_NAME = "$(TARGET_NAME)";
				SWIFT_EMIT_LOC_STRINGS = NO;
				SWIFT_VERSION = 5.0;
				TARGETED_DEVICE_FAMILY = "1,2";
				TEST_TARGET_NAME = NewsApp;
			};
			name = Debug;
		};
		C372575428D6C485001D3CDE /* Release */ = {
			isa = XCBuildConfiguration;
			baseConfigurationReference = AD173354D889219F0A59D3D6 /* Pods-NewsApp-NewsAppUITests.release.xcconfig */;
			buildSettings = {
				ALWAYS_EMBED_SWIFT_STANDARD_LIBRARIES = YES;
				CODE_SIGN_STYLE = Automatic;
				CURRENT_PROJECT_VERSION = 1;
				GENERATE_INFOPLIST_FILE = YES;
				MARKETING_VERSION = 1.0;
				PRODUCT_BUNDLE_IDENTIFIER = com.barari.NewsAppUITests;
				PRODUCT_NAME = "$(TARGET_NAME)";
				SWIFT_EMIT_LOC_STRINGS = NO;
				SWIFT_VERSION = 5.0;
				TARGETED_DEVICE_FAMILY = "1,2";
				TEST_TARGET_NAME = NewsApp;
			};
			name = Release;
		};
/* End XCBuildConfiguration section */

/* Begin XCConfigurationList section */
		C372571D28D6C482001D3CDE /* Build configuration list for PBXProject "NewsApp" */ = {
			isa = XCConfigurationList;
			buildConfigurations = (
				C372574A28D6C485001D3CDE /* Debug */,
				C372574B28D6C485001D3CDE /* Release */,
			);
			defaultConfigurationIsVisible = 0;
			defaultConfigurationName = Release;
		};
		C372574C28D6C485001D3CDE /* Build configuration list for PBXNativeTarget "NewsApp" */ = {
			isa = XCConfigurationList;
			buildConfigurations = (
				C372574D28D6C485001D3CDE /* Debug */,
				C372574E28D6C485001D3CDE /* Release */,
			);
			defaultConfigurationIsVisible = 0;
			defaultConfigurationName = Release;
		};
		C372574F28D6C485001D3CDE /* Build configuration list for PBXNativeTarget "NewsAppTests" */ = {
			isa = XCConfigurationList;
			buildConfigurations = (
				C372575028D6C485001D3CDE /* Debug */,
				C372575128D6C485001D3CDE /* Release */,
			);
			defaultConfigurationIsVisible = 0;
			defaultConfigurationName = Release;
		};
		C372575228D6C485001D3CDE /* Build configuration list for PBXNativeTarget "NewsAppUITests" */ = {
			isa = XCConfigurationList;
			buildConfigurations = (
				C372575328D6C485001D3CDE /* Debug */,
				C372575428D6C485001D3CDE /* Release */,
			);
			defaultConfigurationIsVisible = 0;
			defaultConfigurationName = Release;
		};
/* End XCConfigurationList section */
	};
	rootObject = C372571A28D6C482001D3CDE /* Project object */;
}
